
Microsoft Visual Studio Solution File, Format Version 12.00
# Visual Studio Version 17
VisualStudioVersion = 17.8.34322.80
MinimumVisualStudioVersion = 10.0.40219.1
Project("{FAE04EC0-301F-11D3-BF4B-00C04F79EFBC}") = "CSharpAsserts", "CSharpAsserts.csproj", "{77656A77-C684-4B36-AA92-2243EE7F163A}"
EndProject
Global
	GlobalSection(SolutionConfigurationPlatforms) = preSolution
		Debug|Any CPU = Debug|Any CPU
		Release|Any CPU = Release|Any CPU
	EndGlobalSection
	GlobalSection(ProjectConfigurationPlatforms) = postSolution
		{77656A77-C684-4B36-AA92-2243EE7F163A}.Debug|Any CPU.ActiveCfg = Debug|Any CPU
		{77656A77-C684-4B36-AA92-2243EE7F163A}.Debug|Any CPU.Build.0 = Debug|Any CPU
		{77656A77-C684-4B36-AA92-2243EE7F163A}.Release|Any CPU.ActiveCfg = Release|Any CPU
		{77656A77-C684-4B36-AA92-2243EE7F163A}.Release|Any CPU.Build.0 = Release|Any CPU
	EndGlobalSection
	GlobalSection(SolutionProperties) = preSolution
		HideSolutionNode = FALSE
	EndGlobalSection
	GlobalSection(ExtensibilityGlobals) = postSolution
		SolutionGuid = {0B475F0D-38D1-45CA-9347-E5100A442242}
	EndGlobalSection
EndGlobal
